
Microsoft Visual Studio Solution File, Format Version 12.00
# Visual Studio Version 17
VisualStudioVersion = 17.8.34309.116
MinimumVisualStudioVersion = 10.0.40219.1
Project("{FAE04EC0-301F-11D3-BF4B-00C04F79EFBC}") = "Final Quiz", "Final Quiz.csproj", "{0A1AECC3-C9CE-4A11-BA7B-F2797B852059}"
EndProject
Global
	GlobalSection(SolutionConfigurationPlatforms) = preSolution
		Debug|Any CPU = Debug|Any CPU
		Release|Any CPU = Release|Any CPU
	EndGlobalSection
	GlobalSection(ProjectConfigurationPlatforms) = postSolution
		{0A1AECC3-C9CE-4A11-BA7B-F2797B852059}.Debug|Any CPU.ActiveCfg = Debug|Any CPU
		{0A1AECC3-C9CE-4A11-BA7B-F2797B852059}.Debug|Any CPU.Build.0 = Debug|Any CPU
		{0A1AECC3-C9CE-4A11-BA7B-F2797B852059}.Release|Any CPU.ActiveCfg = Release|Any CPU
		{0A1AECC3-C9CE-4A11-BA7B-F2797B852059}.Release|Any CPU.Build.0 = Release|Any CPU
	EndGlobalSection
	GlobalSection(SolutionProperties) = preSolution
		HideSolutionNode = FALSE
	EndGlobalSection
	GlobalSection(ExtensibilityGlobals) = postSolution
		SolutionGuid = {DCF0A97F-F68E-4401-B077-0E2D11213176}
	EndGlobalSection
EndGlobal
